
Microsoft Visual Studio Solution File, Format Version 11.00
# Visual C++ Express 2010
Project("{8BC9CEB8-8B4A-11D0-8D11-00A0C91BC942}") = "ZETools_CppHelpers", "ZETools_CppHelpers.vcxproj", "{38E3212A-A328-4C37-BF8A-E748D81548F9}"
EndProject
Global
	GlobalSection(SolutionConfigurationPlatforms) = preSolution
		Debug x64|Win32 = Debug x64|Win32
		Debug|Win32 = Debug|Win32
		Release x64|Win32 = Release x64|Win32
		Release|Win32 = Release|Win32
	EndGlobalSection
	GlobalSection(ProjectConfigurationPlatforms) = postSolution
		{38E3212A-A328-4C37-BF8A-E748D81548F9}.Debug x64|Win32.ActiveCfg = Debug x64|Win32
		{38E3212A-A328-4C37-BF8A-E748D81548F9}.Debug x64|Win32.Build.0 = Debug x64|Win32
		{38E3212A-A328-4C37-BF8A-E748D81548F9}.Debug|Win32.ActiveCfg = Debug|Win32
		{38E3212A-A328-4C37-BF8A-E748D81548F9}.Debug|Win32.Build.0 = Debug|Win32
		{38E3212A-A328-4C37-BF8A-E748D81548F9}.Release x64|Win32.ActiveCfg = Release x64|Win32
		{38E3212A-A328-4C37-BF8A-E748D81548F9}.Release x64|Win32.Build.0 = Release x64|Win32
		{38E3212A-A328-4C37-BF8A-E748D81548F9}.Release|Win32.ActiveCfg = Release|Win32
		{38E3212A-A328-4C37-BF8A-E748D81548F9}.Release|Win32.Build.0 = Release|Win32
	EndGlobalSection
	GlobalSection(SolutionProperties) = preSolution
		HideSolutionNode = FALSE
	EndGlobalSection
EndGlobal
